
Microsoft Visual Studio Solution File, Format Version 12.00
# Visual Studio Version 17
VisualStudioVersion = 17.0.31903.59
MinimumVisualStudioVersion = 10.0.40219.1
Project("{9A19103F-16F7-4668-BE54-9A1E7A4F7556}") = "Lift.UI", "Lift.UI\Lift.UI.csproj", "{AE7D7E8D-E64A-49E2-B73B-16B6E3F7A9C8}"
EndProject
Project("{9A19103F-16F7-4668-BE54-9A1E7A4F7556}") = "Lift.UI.Core", "Lift.UI.Core\Lift.UI.Core.csproj", "{986380CC-A0C3-4151-A849-4AB09C78F2A7}"
EndProject
Project("{9A19103F-16F7-4668-BE54-9A1E7A4F7556}") = "WpfApp1", "WpfApp1\WpfApp1.csproj", "{DCA55118-BD86-4B71-8438-1CD02F25AAA1}"
EndProject
Project("{9A19103F-16F7-4668-BE54-9A1E7A4F7556}") = "WpfApp2", "WpfApp2\WpfApp2.csproj", "{60D71E6E-D4C5-485D-BBE3-209CFB4E688F}"
EndProject
Project("{9A19103F-16F7-4668-BE54-9A1E7A4F7556}") = "WpfCustomControlLibrary1", "WpfCustomControlLibrary1\WpfCustomControlLibrary1.csproj", "{C424AA9D-45EF-46B0-8017-99FC7D6EB581}"
EndProject
Project("{9A19103F-16F7-4668-BE54-9A1E7A4F7556}") = "WpfCustomControlLibrary1_Demo", "WpfCustomControlLibrary1_Demo\WpfCustomControlLibrary1_Demo.csproj", "{358B0406-1B71-42DD-A011-9DC537D9E2E6}"
EndProject
Project("{9A19103F-16F7-4668-BE54-9A1E7A4F7556}") = "ImageExtendLib", "ImageExtendLib\ImageExtendLib.csproj", "{B21E4A75-98E7-450D-BA28-790CD3BA1ECA}"
EndProject
Project("{9A19103F-16F7-4668-BE54-9A1E7A4F7556}") = "ImageExtendLib_Demo", "ImageExtendLib_Demo\ImageExtendLib_Demo.csproj", "{39D0AA43-63DD-4533-A561-601431B03E25}"
EndProject
Project("{9A19103F-16F7-4668-BE54-9A1E7A4F7556}") = "ImageExLib", "ImageExLib\ImageExLib.csproj", "{531C1814-33BA-4C11-AFB6-7137834CBC88}"
EndProject
Project("{9A19103F-16F7-4668-BE54-9A1E7A4F7556}") = "ImageExLib_Demo", "ImageExLib_Demo\ImageExLib_Demo.csproj", "{45E876CE-926C-49C5-9DD8-CD1BBD511AFB}"
EndProject
Project("{9A19103F-16F7-4668-BE54-9A1E7A4F7556}") = "SimplePanel", "SimplePanel\SimplePanel.csproj", "{EE8194C9-EC34-49D3-A0D3-AD8038402301}"
EndProject
Project("{9A19103F-16F7-4668-BE54-9A1E7A4F7556}") = "StaticLib", "StaticLib\StaticLib.csproj", "{A52CD2DF-44E2-4795-9A9E-0B31B3764564}"
EndProject
Project("{9A19103F-16F7-4668-BE54-9A1E7A4F7556}") = "StaticLib_Demo", "StaticLib_Demo\StaticLib_Demo.csproj", "{AAAF90A0-3F51-467D-A092-9ED165B3FCA2}"
EndProject
Project("{9A19103F-16F7-4668-BE54-9A1E7A4F7556}") = "ShapeLib_Demo", "ShapeLib_Demo\ShapeLib_Demo.csproj", "{9B12A4FC-D8F3-4A52-906F-967F9969F8FA}"
EndProject
Project("{FAE04EC0-301F-11D3-BF4B-00C04F79EFBC}") = "ShapeRepeatDemo", "ShapeRepeatDemo\ShapeRepeatDemo.csproj", "{CD89E0B0-258C-4DF8-A9C7-6E87A502BAE5}"
EndProject
Global
	GlobalSection(SolutionConfigurationPlatforms) = preSolution
		Debug|Any CPU = Debug|Any CPU
		Release|Any CPU = Release|Any CPU
	EndGlobalSection
	GlobalSection(ProjectConfigurationPlatforms) = postSolution
		{AE7D7E8D-E64A-49E2-B73B-16B6E3F7A9C8}.Debug|Any CPU.ActiveCfg = Debug|Any CPU
		{AE7D7E8D-E64A-49E2-B73B-16B6E3F7A9C8}.Debug|Any CPU.Build.0 = Debug|Any CPU
		{AE7D7E8D-E64A-49E2-B73B-16B6E3F7A9C8}.Release|Any CPU.ActiveCfg = Release|Any CPU
		{AE7D7E8D-E64A-49E2-B73B-16B6E3F7A9C8}.Release|Any CPU.Build.0 = Release|Any CPU
		{986380CC-A0C3-4151-A849-4AB09C78F2A7}.Debug|Any CPU.ActiveCfg = Debug|Any CPU
		{986380CC-A0C3-4151-A849-4AB09C78F2A7}.Debug|Any CPU.Build.0 = Debug|Any CPU
		{986380CC-A0C3-4151-A849-4AB09C78F2A7}.Release|Any CPU.ActiveCfg = Release|Any CPU
		{986380CC-A0C3-4151-A849-4AB09C78F2A7}.Release|Any CPU.Build.0 = Release|Any CPU
		{DCA55118-BD86-4B71-8438-1CD02F25AAA1}.Debug|Any CPU.ActiveCfg = Debug|Any CPU
		{DCA55118-BD86-4B71-8438-1CD02F25AAA1}.Debug|Any CPU.Build.0 = Debug|Any CPU
		{DCA55118-BD86-4B71-8438-1CD02F25AAA1}.Release|Any CPU.ActiveCfg = Release|Any CPU
		{DCA55118-BD86-4B71-8438-1CD02F25AAA1}.Release|Any CPU.Build.0 = Release|Any CPU
		{60D71E6E-D4C5-485D-BBE3-209CFB4E688F}.Debug|Any CPU.ActiveCfg = Debug|Any CPU
		{60D71E6E-D4C5-485D-BBE3-209CFB4E688F}.Debug|Any CPU.Build.0 = Debug|Any CPU
		{60D71E6E-D4C5-485D-BBE3-209CFB4E688F}.Release|Any CPU.ActiveCfg = Release|Any CPU
		{60D71E6E-D4C5-485D-BBE3-209CFB4E688F}.Release|Any CPU.Build.0 = Release|Any CPU
		{C424AA9D-45EF-46B0-8017-99FC7D6EB581}.Debug|Any CPU.ActiveCfg = Debug|Any CPU
		{C424AA9D-45EF-46B0-8017-99FC7D6EB581}.Debug|Any CPU.Build.0 = Debug|Any CPU
		{C424AA9D-45EF-46B0-8017-99FC7D6EB581}.Release|Any CPU.ActiveCfg = Release|Any CPU
		{C424AA9D-45EF-46B0-8017-99FC7D6EB581}.Release|Any CPU.Build.0 = Release|Any CPU
		{358B0406-1B71-42DD-A011-9DC537D9E2E6}.Debug|Any CPU.ActiveCfg = Debug|Any CPU
		{358B0406-1B71-42DD-A011-9DC537D9E2E6}.Debug|Any CPU.Build.0 = Debug|Any CPU
		{358B0406-1B71-42DD-A011-9DC537D9E2E6}.Release|Any CPU.ActiveCfg = Release|Any CPU
		{358B0406-1B71-42DD-A011-9DC537D9E2E6}.Release|Any CPU.Build.0 = Release|Any CPU
		{B21E4A75-98E7-450D-BA28-790CD3BA1ECA}.Debug|Any CPU.ActiveCfg = Debug|Any CPU
		{B21E4A75-98E7-450D-BA28-790CD3BA1ECA}.Debug|Any CPU.Build.0 = Debug|Any CPU
		{B21E4A75-98E7-450D-BA28-790CD3BA1ECA}.Release|Any CPU.ActiveCfg = Release|Any CPU
		{B21E4A75-98E7-450D-BA28-790CD3BA1ECA}.Release|Any CPU.Build.0 = Release|Any CPU
		{39D0AA43-63DD-4533-A561-601431B03E25}.Debug|Any CPU.ActiveCfg = Debug|Any CPU
		{39D0AA43-63DD-4533-A561-601431B03E25}.Debug|Any CPU.Build.0 = Debug|Any CPU
		{39D0AA43-63DD-4533-A561-601431B03E25}.Release|Any CPU.ActiveCfg = Release|Any CPU
		{39D0AA43-63DD-4533-A561-601431B03E25}.Release|Any CPU.Build.0 = Release|Any CPU
		{531C1814-33BA-4C11-AFB6-7137834CBC88}.Debug|Any CPU.ActiveCfg = Debug|Any CPU
		{531C1814-33BA-4C11-AFB6-7137834CBC88}.Debug|Any CPU.Build.0 = Debug|Any CPU
		{531C1814-33BA-4C11-AFB6-7137834CBC88}.Release|Any CPU.ActiveCfg = Release|Any CPU
		{531C1814-33BA-4C11-AFB6-7137834CBC88}.Release|Any CPU.Build.0 = Release|Any CPU
		{45E876CE-926C-49C5-9DD8-CD1BBD511AFB}.Debug|Any CPU.ActiveCfg = Debug|Any CPU
		{45E876CE-926C-49C5-9DD8-CD1BBD511AFB}.Debug|Any CPU.Build.0 = Debug|Any CPU
		{45E876CE-926C-49C5-9DD8-CD1BBD511AFB}.Release|Any CPU.ActiveCfg = Release|Any CPU
		{45E876CE-926C-49C5-9DD8-CD1BBD511AFB}.Release|Any CPU.Build.0 = Release|Any CPU
		{EE8194C9-EC34-49D3-A0D3-AD8038402301}.Debug|Any CPU.ActiveCfg = Debug|Any CPU
		{EE8194C9-EC34-49D3-A0D3-AD8038402301}.Debug|Any CPU.Build.0 = Debug|Any CPU
		{EE8194C9-EC34-49D3-A0D3-AD8038402301}.Release|Any CPU.ActiveCfg = Release|Any CPU
		{EE8194C9-EC34-49D3-A0D3-AD8038402301}.Release|Any CPU.Build.0 = Release|Any CPU
		{A52CD2DF-44E2-4795-9A9E-0B31B3764564}.Debug|Any CPU.ActiveCfg = Debug|Any CPU
		{A52CD2DF-44E2-4795-9A9E-0B31B3764564}.Debug|Any CPU.Build.0 = Debug|Any CPU
		{A52CD2DF-44E2-4795-9A9E-0B31B3764564}.Release|Any CPU.ActiveCfg = Release|Any CPU
		{A52CD2DF-44E2-4795-9A9E-0B31B3764564}.Release|Any CPU.Build.0 = Release|Any CPU
		{AAAF90A0-3F51-467D-A092-9ED165B3FCA2}.Debug|Any CPU.ActiveCfg = Debug|Any CPU
		{AAAF90A0-3F51-467D-A092-9ED165B3FCA2}.Debug|Any CPU.Build.0 = Debug|Any CPU
		{AAAF90A0-3F51-467D-A092-9ED165B3FCA2}.Release|Any CPU.ActiveCfg = Release|Any CPU
		{AAAF90A0-3F51-467D-A092-9ED165B3FCA2}.Release|Any CPU.Build.0 = Release|Any CPU
		{9B12A4FC-D8F3-4A52-906F-967F9969F8FA}.Debug|Any CPU.ActiveCfg = Debug|Any CPU
		{9B12A4FC-D8F3-4A52-906F-967F9969F8FA}.Debug|Any CPU.Build.0 = Debug|Any CPU
		{9B12A4FC-D8F3-4A52-906F-967F9969F8FA}.Release|Any CPU.ActiveCfg = Release|Any CPU
		{9B12A4FC-D8F3-4A52-906F-967F9969F8FA}.Release|Any CPU.Build.0 = Release|Any CPU
		{CD89E0B0-258C-4DF8-A9C7-6E87A502BAE5}.Debug|Any CPU.ActiveCfg = Debug|Any CPU
		{CD89E0B0-258C-4DF8-A9C7-6E87A502BAE5}.Debug|Any CPU.Build.0 = Debug|Any CPU
		{CD89E0B0-258C-4DF8-A9C7-6E87A502BAE5}.Release|Any CPU.ActiveCfg = Release|Any CPU
		{CD89E0B0-258C-4DF8-A9C7-6E87A502BAE5}.Release|Any CPU.Build.0 = Release|Any CPU
	EndGlobalSection
	GlobalSection(SolutionProperties) = preSolution
		HideSolutionNode = FALSE
	EndGlobalSection
	GlobalSection(ExtensibilityGlobals) = postSolution
		SolutionGuid = {97B8E841-8556-42F2-B232-55B8D0F96F98}
	EndGlobalSection
	GlobalSection(SharedMSBuildProjectFiles) = preSolution
		Lift.UI.Shared\Lift.UI.Shared.projitems*{ae7d7e8d-e64a-49e2-b73b-16b6e3f7a9c8}*SharedItemsImports = 5
	EndGlobalSection
EndGlobal
